
Microsoft Visual Studio Solution File, Format Version 12.00
# Visual Studio Version 17
VisualStudioVersion = 17.4.33213.308
MinimumVisualStudioVersion = 10.0.40219.1
Project("{2150E333-8FDC-42A3-9474-1A3956D46DE8}") = "CreationalPatterns", "CreationalPatterns", "{BBF27B44-F3FB-471E-8686-79573C5A3CA1}"
EndProject
Project("{2150E333-8FDC-42A3-9474-1A3956D46DE8}") = "StructuralPatterns", "StructuralPatterns", "{457043F6-D55D-44C7-BC6D-F1CD708DDEB8}"
EndProject
Project("{2150E333-8FDC-42A3-9474-1A3956D46DE8}") = "BehavioralPatterns", "BehavioralPatterns", "{107A834D-DB42-401F-A7E6-C3F4FAA38AD0}"
EndProject
Project("{2150E333-8FDC-42A3-9474-1A3956D46DE8}") = "01.ChainOfResponsibility", "01.ChainOfResponsibility", "{5B83F6FE-149E-49F5-ABEF-10CF68482A10}"
EndProject
Project("{2150E333-8FDC-42A3-9474-1A3956D46DE8}") = "02.Command", "02.Command", "{A4FF4CC4-4394-49E9-A7B1-FFBA6F2FFBCC}"
EndProject
Project("{2150E333-8FDC-42A3-9474-1A3956D46DE8}") = "04.Iterator", "04.Iterator", "{6860AC1F-494C-4F2D-992C-CDB6EC0066DD}"
EndProject
Project("{2150E333-8FDC-42A3-9474-1A3956D46DE8}") = "05.Mediator", "05.Mediator", "{BCAE4F2B-4E98-4FAB-91B8-860D5E1782D0}"
EndProject
Project("{2150E333-8FDC-42A3-9474-1A3956D46DE8}") = "06.Memento", "06.Memento", "{526D564F-6029-48FE-A95E-F6B93F7F6749}"
EndProject
Project("{2150E333-8FDC-42A3-9474-1A3956D46DE8}") = "07.NullObject", "07.NullObject", "{AEB2324A-C939-4DA4-8C0E-E1CC4BB1F8D3}"
EndProject
Project("{2150E333-8FDC-42A3-9474-1A3956D46DE8}") = "08.Observer", "08.Observer", "{B433DD50-1283-4020-90EC-7FF941598601}"
EndProject
Project("{2150E333-8FDC-42A3-9474-1A3956D46DE8}") = "09.State", "09.State", "{72804F8B-EA7A-4754-8F26-4ECA46595A8A}"
EndProject
Project("{2150E333-8FDC-42A3-9474-1A3956D46DE8}") = "10.Strategy", "10.Strategy", "{FDAE1A11-FD5B-4172-850C-A4046AB2733F}"
EndProject
Project("{2150E333-8FDC-42A3-9474-1A3956D46DE8}") = "11.TemplateMethod", "11.TemplateMethod", "{5E2DA6CF-CA61-415E-A03C-1558DDD4418D}"
EndProject
Project("{2150E333-8FDC-42A3-9474-1A3956D46DE8}") = "12.Visitor", "12.Visitor", "{E76A0473-1C7E-4E89-9CF2-76B40064BF5A}"
EndProject
Project("{2150E333-8FDC-42A3-9474-1A3956D46DE8}") = "01.AbstractFactory", "01.AbstractFactory", "{1270B07D-9A3E-4C48-AF78-02A5FCA18344}"
EndProject
Project("{2150E333-8FDC-42A3-9474-1A3956D46DE8}") = "02.Builder", "02.Builder", "{17123729-2877-4B4E-99A3-CF2A4B66A6AC}"
EndProject
Project("{2150E333-8FDC-42A3-9474-1A3956D46DE8}") = "03.FactoryMethod", "03.FactoryMethod", "{23BD9361-D8C6-4CD9-8ABF-FF50AE3B4326}"
EndProject
Project("{2150E333-8FDC-42A3-9474-1A3956D46DE8}") = "04.ObjectPool", "04.ObjectPool", "{5BC7533D-718B-40C4-B084-D827A6BE84DF}"
EndProject
Project("{2150E333-8FDC-42A3-9474-1A3956D46DE8}") = "05.Prototype", "05.Prototype", "{96E90714-468B-4850-8B8E-6CA9F043F77F}"
EndProject
Project("{2150E333-8FDC-42A3-9474-1A3956D46DE8}") = "06.Singleton", "06.Singleton", "{0DDD25E3-3197-4589-8973-D181FF6459FB}"
EndProject
Project("{2150E333-8FDC-42A3-9474-1A3956D46DE8}") = "01.Adapter", "01.Adapter", "{65EFFF70-22F0-431F-930F-6A1A6A9E6D9C}"
EndProject
Project("{2150E333-8FDC-42A3-9474-1A3956D46DE8}") = "02.Bridge", "02.Bridge", "{8FC8A196-D519-4284-B7E3-BDC4D2C23C53}"
EndProject
Project("{2150E333-8FDC-42A3-9474-1A3956D46DE8}") = "03.Composite", "03.Composite", "{5561186B-9BFD-4660-9605-2CCF26933A0D}"
EndProject
Project("{2150E333-8FDC-42A3-9474-1A3956D46DE8}") = "04.Decorator", "04.Decorator", "{4029F81F-20CA-4B0D-B092-789EBD95172A}"
EndProject
Project("{2150E333-8FDC-42A3-9474-1A3956D46DE8}") = "05.Facade", "05.Facade", "{4541E4E9-5951-4F9C-9E11-7525107912FE}"
EndProject
Project("{2150E333-8FDC-42A3-9474-1A3956D46DE8}") = "07.Flyweight", "07.Flyweight", "{F29FB5FF-734A-4C92-AD33-AF33A4A35A71}"
EndProject
Project("{2150E333-8FDC-42A3-9474-1A3956D46DE8}") = "08.Proxy", "08.Proxy", "{0F75EE88-A6F2-4665-A36D-D7ED4EFE77E1}"
EndProject
Project("{2150E333-8FDC-42A3-9474-1A3956D46DE8}") = "03.Interpreter", "03.Interpreter", "{63817106-C6FF-4072-BFCE-A2EFA699A4E6}"
EndProject
Project("{9A19103F-16F7-4668-BE54-9A1E7A4F7556}") = "RomanCalculator", "BehavioralPatterns\03.Interpreter\RomanCalculator\RomanCalculator.csproj", "{62904C50-E15A-4556-BB21-7FC39C609DA7}"
EndProject
Project("{9A19103F-16F7-4668-BE54-9A1E7A4F7556}") = "RomanCalculatorTest", "BehavioralPatterns\03.Interpreter\RomanCalculatorTest\RomanCalculatorTest.csproj", "{4C9B06D3-5B04-49A4-B697-3D59C90027B9}"
EndProject
Project("{9A19103F-16F7-4668-BE54-9A1E7A4F7556}") = "01BasicIterator", "BehavioralPatterns\04.Iterator\01BasicIterator\01BasicIterator.csproj", "{46C8DACD-639D-47F4-B9F6-B1109B2F6BEC}"
EndProject
Project("{9A19103F-16F7-4668-BE54-9A1E7A4F7556}") = "RetailBank", "BehavioralPatterns\09.State\RetailBank\RetailBank.csproj", "{906A1059-D0AC-45A0-BFB1-A5F9252A4512}"
EndProject
Global
	GlobalSection(SolutionConfigurationPlatforms) = preSolution
		Debug|Any CPU = Debug|Any CPU
		Release|Any CPU = Release|Any CPU
	EndGlobalSection
	GlobalSection(ProjectConfigurationPlatforms) = postSolution
		{62904C50-E15A-4556-BB21-7FC39C609DA7}.Debug|Any CPU.ActiveCfg = Debug|Any CPU
		{62904C50-E15A-4556-BB21-7FC39C609DA7}.Debug|Any CPU.Build.0 = Debug|Any CPU
		{62904C50-E15A-4556-BB21-7FC39C609DA7}.Release|Any CPU.ActiveCfg = Release|Any CPU
		{62904C50-E15A-4556-BB21-7FC39C609DA7}.Release|Any CPU.Build.0 = Release|Any CPU
		{4C9B06D3-5B04-49A4-B697-3D59C90027B9}.Debug|Any CPU.ActiveCfg = Debug|Any CPU
		{4C9B06D3-5B04-49A4-B697-3D59C90027B9}.Debug|Any CPU.Build.0 = Debug|Any CPU
		{4C9B06D3-5B04-49A4-B697-3D59C90027B9}.Release|Any CPU.ActiveCfg = Release|Any CPU
		{4C9B06D3-5B04-49A4-B697-3D59C90027B9}.Release|Any CPU.Build.0 = Release|Any CPU
		{46C8DACD-639D-47F4-B9F6-B1109B2F6BEC}.Debug|Any CPU.ActiveCfg = Debug|Any CPU
		{46C8DACD-639D-47F4-B9F6-B1109B2F6BEC}.Debug|Any CPU.Build.0 = Debug|Any CPU
		{46C8DACD-639D-47F4-B9F6-B1109B2F6BEC}.Release|Any CPU.ActiveCfg = Release|Any CPU
		{46C8DACD-639D-47F4-B9F6-B1109B2F6BEC}.Release|Any CPU.Build.0 = Release|Any CPU
		{906A1059-D0AC-45A0-BFB1-A5F9252A4512}.Debug|Any CPU.ActiveCfg = Debug|Any CPU
		{906A1059-D0AC-45A0-BFB1-A5F9252A4512}.Debug|Any CPU.Build.0 = Debug|Any CPU
		{906A1059-D0AC-45A0-BFB1-A5F9252A4512}.Release|Any CPU.ActiveCfg = Release|Any CPU
		{906A1059-D0AC-45A0-BFB1-A5F9252A4512}.Release|Any CPU.Build.0 = Release|Any CPU
	EndGlobalSection
	GlobalSection(SolutionProperties) = preSolution
		HideSolutionNode = FALSE
	EndGlobalSection
	GlobalSection(NestedProjects) = preSolution
		{5B83F6FE-149E-49F5-ABEF-10CF68482A10} = {107A834D-DB42-401F-A7E6-C3F4FAA38AD0}
		{A4FF4CC4-4394-49E9-A7B1-FFBA6F2FFBCC} = {107A834D-DB42-401F-A7E6-C3F4FAA38AD0}
		{6860AC1F-494C-4F2D-992C-CDB6EC0066DD} = {107A834D-DB42-401F-A7E6-C3F4FAA38AD0}
		{BCAE4F2B-4E98-4FAB-91B8-860D5E1782D0} = {107A834D-DB42-401F-A7E6-C3F4FAA38AD0}
		{526D564F-6029-48FE-A95E-F6B93F7F6749} = {107A834D-DB42-401F-A7E6-C3F4FAA38AD0}
		{AEB2324A-C939-4DA4-8C0E-E1CC4BB1F8D3} = {107A834D-DB42-401F-A7E6-C3F4FAA38AD0}
		{B433DD50-1283-4020-90EC-7FF941598601} = {107A834D-DB42-401F-A7E6-C3F4FAA38AD0}
		{72804F8B-EA7A-4754-8F26-4ECA46595A8A} = {107A834D-DB42-401F-A7E6-C3F4FAA38AD0}
		{FDAE1A11-FD5B-4172-850C-A4046AB2733F} = {107A834D-DB42-401F-A7E6-C3F4FAA38AD0}
		{5E2DA6CF-CA61-415E-A03C-1558DDD4418D} = {107A834D-DB42-401F-A7E6-C3F4FAA38AD0}
		{E76A0473-1C7E-4E89-9CF2-76B40064BF5A} = {107A834D-DB42-401F-A7E6-C3F4FAA38AD0}
		{1270B07D-9A3E-4C48-AF78-02A5FCA18344} = {BBF27B44-F3FB-471E-8686-79573C5A3CA1}
		{17123729-2877-4B4E-99A3-CF2A4B66A6AC} = {BBF27B44-F3FB-471E-8686-79573C5A3CA1}
		{23BD9361-D8C6-4CD9-8ABF-FF50AE3B4326} = {BBF27B44-F3FB-471E-8686-79573C5A3CA1}
		{5BC7533D-718B-40C4-B084-D827A6BE84DF} = {BBF27B44-F3FB-471E-8686-79573C5A3CA1}
		{96E90714-468B-4850-8B8E-6CA9F043F77F} = {BBF27B44-F3FB-471E-8686-79573C5A3CA1}
		{0DDD25E3-3197-4589-8973-D181FF6459FB} = {BBF27B44-F3FB-471E-8686-79573C5A3CA1}
		{65EFFF70-22F0-431F-930F-6A1A6A9E6D9C} = {457043F6-D55D-44C7-BC6D-F1CD708DDEB8}
		{8FC8A196-D519-4284-B7E3-BDC4D2C23C53} = {457043F6-D55D-44C7-BC6D-F1CD708DDEB8}
		{5561186B-9BFD-4660-9605-2CCF26933A0D} = {457043F6-D55D-44C7-BC6D-F1CD708DDEB8}
		{4029F81F-20CA-4B0D-B092-789EBD95172A} = {457043F6-D55D-44C7-BC6D-F1CD708DDEB8}
		{4541E4E9-5951-4F9C-9E11-7525107912FE} = {457043F6-D55D-44C7-BC6D-F1CD708DDEB8}
		{F29FB5FF-734A-4C92-AD33-AF33A4A35A71} = {457043F6-D55D-44C7-BC6D-F1CD708DDEB8}
		{0F75EE88-A6F2-4665-A36D-D7ED4EFE77E1} = {457043F6-D55D-44C7-BC6D-F1CD708DDEB8}
		{63817106-C6FF-4072-BFCE-A2EFA699A4E6} = {107A834D-DB42-401F-A7E6-C3F4FAA38AD0}
		{62904C50-E15A-4556-BB21-7FC39C609DA7} = {63817106-C6FF-4072-BFCE-A2EFA699A4E6}
		{4C9B06D3-5B04-49A4-B697-3D59C90027B9} = {63817106-C6FF-4072-BFCE-A2EFA699A4E6}
		{46C8DACD-639D-47F4-B9F6-B1109B2F6BEC} = {6860AC1F-494C-4F2D-992C-CDB6EC0066DD}
		{906A1059-D0AC-45A0-BFB1-A5F9252A4512} = {72804F8B-EA7A-4754-8F26-4ECA46595A8A}
	EndGlobalSection
	GlobalSection(ExtensibilityGlobals) = postSolution
		SolutionGuid = {8E09CCBC-19D3-4A94-BEF1-338FA7FB946D}
	EndGlobalSection
EndGlobal
